{
  "version": 1,
  "dependencies": {
    "net10.0-windows10.0.19041": {
      "CommunityToolkit.Mvvm": {
        "type": "Direct",
        "requested": "[8.4.0, )",
        "resolved": "8.4.0",
        "contentHash": "tqVU8yc/ADO9oiTRyTnwhFN68hCwvkliMierptWOudIAvWY1mWCh5VFh+guwHJmpMwfg0J0rY+yyd5Oy7ty9Uw=="
      },
      "Google.Apis": {
        "type": "Transitive",
        "resolved": "1.75.0",
        "contentHash": "ZqODi2IvyTBezeGztemXv6U/+VinyqxxPiyoW2CZbzIrUp+a35Rt5tzUjXHPXK9nA1YQi/w8ABpYQpBm31ditw==",
        "dependencies": {
          "Google.Apis.Core": "1.75.0"
        }
      },
      "Google.Apis.Auth": {
        "type": "Transitive",
        "resolved": "1.75.0",
        "contentHash": "hzuGwUBIQYdFkChXm62E5Suxe+q5PHt2uE5EunGBco2j01uQJGlUgzNujZvGHMlAIEHaytzhdn3v3v52ZPgv2Q==",
        "dependencies": {
          "Google.Apis": "1.75.0",
          "Google.Apis.Core": "1.75.0",
          "System.Management": "7.0.2"
        }
      },
      "Google.Apis.Core": {
        "type": "Transitive",
        "resolved": "1.75.0",
        "contentHash": "7AuI44XP4LzMFiOjdk4GCtCxJTIWZcjrXLeGjLYYSpTHHbiPkvm76XNym7zPOnD90sIg+zdTulg+I6D5W5spTQ==",
        "dependencies": {
          "Newtonsoft.Json": "13.0.4"
        }
      },
      "IdentityModel": {
        "type": "Transitive",
        "resolved": "7.0.0",
        "contentHash": "to99aLL5Gev1GOb2gUao/UZXT/uXMyjEmHPNrf/vJI2HBD1LMCTeC4SBCe/cqMIB12V9v+eSieq7ff0lju9pOQ=="
      },
      "IdentityModel.OidcClient": {
        "type": "Transitive",
        "resolved": "6.0.0",
        "contentHash": "m2PZbjeG3nXIQ72NLZvFz3FLFk7GmqLnxO/ifUvaTEE3BDZXp7DXAdjDP6TQKaL20+wDnej2ffA1Yh3vVcJOkA==",
        "dependencies": {
          "IdentityModel": "7.0.0"
        }
      },
      "Microsoft.Extensions.AI.Abstractions": {
        "type": "Transitive",
        "resolved": "10.8.3",
        "contentHash": "K0B05oApxmviWalNHPMBBcRC7erKiDATz3ENNR/jqTR9JwIwLRefgDhj2jCRwL1aca99pXUe0qyQC73/xIuZig=="
      },
      "ModelContextProtocol": {
        "type": "Transitive",
        "resolved": "2.0.0",
        "contentHash": "X/KDNZDP9Zgs7YXXxxpKiDMWWPXYrs764lVgc6vEM4pCg87bYz4VaceeiKW91XDTGgUvIbmRYXgWqyNpV32xRg==",
        "dependencies": {
          "ModelContextProtocol.Core": "[2.0.0]"
        }
      },
      "ModelContextProtocol.AspNetCore": {
        "type": "Transitive",
        "resolved": "2.0.0",
        "contentHash": "dXrB7sBpQjUQU0UcdyFPJbOTFw7yaceD+OgAZVAeBveRzbiBlg89jEygAtcgOwd/L+O+YpM98zfwaXz067NFDQ==",
        "dependencies": {
          "ModelContextProtocol": "[2.0.0]"
        }
      },
      "ModelContextProtocol.Core": {
        "type": "Transitive",
        "resolved": "2.0.0",
        "contentHash": "piFR0HtA/2Oc1tgk96EE5Tye6qA2sg3WGRAXBhUqo/BWikdEYEs2UuqtmwLrQZJUge1nUOPgGHYsb15VIBK8iw==",
        "dependencies": {
          "Microsoft.Extensions.AI.Abstractions": "10.8.3"
        }
      },
      "Newtonsoft.Json": {
        "type": "Transitive",
        "resolved": "13.0.4",
        "contentHash": "pdgNNMai3zv51W5aq268sujXUyx7SNdE2bj1wZcWjAQrKMFZV260lbqYop1d2GM67JI1huLRwxo9ZqnfF/lC6A=="
      },
      "System.IO.Hashing": {
        "type": "Transitive",
        "resolved": "8.0.0",
        "contentHash": "ne1843evDugl0md7Fjzy6QjJrzsjh46ZKbhf8GwBXb5f/gw97J4bxMs0NQKifDuThh/f0bZ0e62NPl1jzTuRqA=="
      },
      "System.Management": {
        "type": "Transitive",
        "resolved": "7.0.2",
        "contentHash": "/qEUN91mP/MUQmJnM5y5BdT7ZoPuVrtxnFlbJ8a3kBJGhe2wCzBfnPFtK2wTtEEcf3DMGR9J00GZZfg6HRI6yA=="
      },
      "Yarp.ReverseProxy": {
        "type": "Transitive",
        "resolved": "2.3.0",
        "contentHash": "gxtkN3a+9biu9V9Zd5NaTO6VZWXAnS2mhQ0R/VXmSPoTuiQNZsakKikrKpDtKxrL5nUYzbRsHtl40WNq+ZBKKg==",
        "dependencies": {
          "System.IO.Hashing": "8.0.0"
        }
      },
      "ravensport.core": {
        "type": "Project",
        "dependencies": {
          "Google.Apis.Auth": "[1.75.0, )",
          "IdentityModel.OidcClient": "[6.0.0, )",
          "ModelContextProtocol.AspNetCore": "[2.0.0, )",
          "Yarp.ReverseProxy": "[2.3.0, )"
        }
      }
    }
  }
}